
Microsoft Visual Studio Solution File, Format Version 12.00
# Visual Studio 15
VisualStudioVersion = 15.0.28307.757
MinimumVisualStudioVersion = 10.0.40219.1
Project("{FAE04EC0-301F-11D3-BF4B-00C04F79EFBC}") = "MemoBookLibrary", "MemoBookLibrary1\MemoBookLibrary.csproj", "{0BC6C157-5946-47AF-85EB-348149B2E4D0}"
EndProject
Project("{FAE04EC0-301F-11D3-BF4B-00C04F79EFBC}") = "MemoBookConsole", "MemobBookConsole\MemoBookConsole.csproj", "{CA5F94AF-0FAA-4712-817E-9A65FAFB6D18}"
EndProject
Project("{FAE04EC0-301F-11D3-BF4B-00C04F79EFBC}") = "ConsoleInterface", "ConsoleInteface\ConsoleInterface.csproj", "{6EA83DEC-6216-4942-99AB-9C1904FBC886}"
EndProject
Global
	GlobalSection(SolutionConfigurationPlatforms) = preSolution
		Debug|Any CPU = Debug|Any CPU
		Release|Any CPU = Release|Any CPU
	EndGlobalSection
	GlobalSection(ProjectConfigurationPlatforms) = postSolution
		{0BC6C157-5946-47AF-85EB-348149B2E4D0}.Debug|Any CPU.ActiveCfg = Debug|Any CPU
		{0BC6C157-5946-47AF-85EB-348149B2E4D0}.Debug|Any CPU.Build.0 = Debug|Any CPU
		{0BC6C157-5946-47AF-85EB-348149B2E4D0}.Release|Any CPU.ActiveCfg = Release|Any CPU
		{0BC6C157-5946-47AF-85EB-348149B2E4D0}.Release|Any CPU.Build.0 = Release|Any CPU
		{CA5F94AF-0FAA-4712-817E-9A65FAFB6D18}.Debug|Any CPU.ActiveCfg = Debug|Any CPU
		{CA5F94AF-0FAA-4712-817E-9A65FAFB6D18}.Debug|Any CPU.Build.0 = Debug|Any CPU
		{CA5F94AF-0FAA-4712-817E-9A65FAFB6D18}.Release|Any CPU.ActiveCfg = Release|Any CPU
		{CA5F94AF-0FAA-4712-817E-9A65FAFB6D18}.Release|Any CPU.Build.0 = Release|Any CPU
		{6EA83DEC-6216-4942-99AB-9C1904FBC886}.Debug|Any CPU.ActiveCfg = Debug|Any CPU
		{6EA83DEC-6216-4942-99AB-9C1904FBC886}.Debug|Any CPU.Build.0 = Debug|Any CPU
		{6EA83DEC-6216-4942-99AB-9C1904FBC886}.Release|Any CPU.ActiveCfg = Release|Any CPU
		{6EA83DEC-6216-4942-99AB-9C1904FBC886}.Release|Any CPU.Build.0 = Release|Any CPU
	EndGlobalSection
	GlobalSection(SolutionProperties) = preSolution
		HideSolutionNode = FALSE
	EndGlobalSection
	GlobalSection(ExtensibilityGlobals) = postSolution
		SolutionGuid = {72ECC9A2-9C8F-452B-9D8A-2457526F02CA}
	EndGlobalSection
EndGlobal
